
Microsoft Visual Studio Solution File, Format Version 12.00
# Visual Studio Version 17
VisualStudioVersion = 17.3.32819.101
MinimumVisualStudioVersion = 10.0.40219.1
Project("{9A19103F-16F7-4668-BE54-9A1E7A4F7556}") = "TrainWebApp", "TrainWebApp\TrainWebApp.csproj", "{575C9A74-5AE4-4F49-867F-3AC74D34F399}"
EndProject
Project("{9A19103F-16F7-4668-BE54-9A1E7A4F7556}") = "TrainWatchSystem", "TrainWatchSystem\TrainWatchSystem.csproj", "{D370BCB9-BC24-467B-9747-12AC19CAE5B5}"
EndProject
Global
	GlobalSection(SolutionConfigurationPlatforms) = preSolution
		Debug|Any CPU = Debug|Any CPU
		Release|Any CPU = Release|Any CPU
	EndGlobalSection
	GlobalSection(ProjectConfigurationPlatforms) = postSolution
		{575C9A74-5AE4-4F49-867F-3AC74D34F399}.Debug|Any CPU.ActiveCfg = Debug|Any CPU
		{575C9A74-5AE4-4F49-867F-3AC74D34F399}.Debug|Any CPU.Build.0 = Debug|Any CPU
		{575C9A74-5AE4-4F49-867F-3AC74D34F399}.Release|Any CPU.ActiveCfg = Release|Any CPU
		{575C9A74-5AE4-4F49-867F-3AC74D34F399}.Release|Any CPU.Build.0 = Release|Any CPU
		{D370BCB9-BC24-467B-9747-12AC19CAE5B5}.Debug|Any CPU.ActiveCfg = Debug|Any CPU
		{D370BCB9-BC24-467B-9747-12AC19CAE5B5}.Debug|Any CPU.Build.0 = Debug|Any CPU
		{D370BCB9-BC24-467B-9747-12AC19CAE5B5}.Release|Any CPU.ActiveCfg = Release|Any CPU
		{D370BCB9-BC24-467B-9747-12AC19CAE5B5}.Release|Any CPU.Build.0 = Release|Any CPU
	EndGlobalSection
	GlobalSection(SolutionProperties) = preSolution
		HideSolutionNode = FALSE
	EndGlobalSection
	GlobalSection(ExtensibilityGlobals) = postSolution
		SolutionGuid = {E444E4B9-45A0-4D98-8E3A-FFCA463DB0A6}
	EndGlobalSection
EndGlobal
